// !$*UTF8*$!
{
	archiveVersion = 1;
	classes = {
	};
	objectVersion = 46;
	objects = {

/* Begin PBXBuildFile section */
		8656BF2115D0E59A0053A59D /* UIKit.framework in Frameworks */ = {isa = PBXBuildFile; fileRef = 8656BF2015D0E59A0053A59D /* UIKit.framework */; };
		8656BF2315D0E59A0053A59D /* Foundation.framework in Frameworks */ = {isa = PBXBuildFile; fileRef = 8656BF2215D0E59A0053A59D /* Foundation.framework */; };
		8656BF2515D0E59A0053A59D /* CoreGraphics.framework in Frameworks */ = {isa = PBXBuildFile; fileRef = 8656BF2415D0E59A0053A59D /* CoreGraphics.framework */; };
		8656BF2B15D0E59A0053A59D /* InfoPlist.strings in Resources */ = {isa = PBXBuildFile; fileRef = 8656BF2915D0E59A0053A59D /* InfoPlist.strings */; };
		8656BF2D15D0E59A0053A59D /* main.m in Sources */ = {isa = PBXBuildFile; fileRef = 8656BF2C15D0E59A0053A59D /* main.m */; };
		8656BF3115D0E59A0053A59D /* AppDelegate.m in Sources */ = {isa = PBXBuildFile; fileRef = 8656BF3015D0E59A0053A59D /* AppDelegate.m */; };
		8656BF3415D0E59A0053A59D /* ViewController.m in Sources */ = {isa = PBXBuildFile; fileRef = 8656BF3315D0E59A0053A59D /* ViewController.m */; };
		8656BF3715D0E59A0053A59D /* ViewController.xib in Resources */ = {isa = PBXBuildFile; fileRef = 8656BF3515D0E59A0053A59D /* ViewController.xib */; };
		8656BF4015D0E5FD0053A59D /* MC3DBoxView.m in Sources */ = {isa = PBXBuildFile; fileRef = 8656BF3F15D0E5FD0053A59D /* MC3DBoxView.m */; };
		8656BF4215D0E6650053A59D /* QuartzCore.framework in Frameworks */ = {isa = PBXBuildFile; fileRef = 8656BF4115D0E6650053A59D /* QuartzCore.framework */; };
		8656BF4415D0E66C0053A59D /* MapKit.framework in Frameworks */ = {isa = PBXBuildFile; fileRef = 8656BF4315D0E66C0053A59D /* MapKit.framework */; };
		8656BF4715D0E8120053A59D /* checkers.png in Resources */ = {isa = PBXBuildFile; fileRef = 8656BF4615D0E8120053A59D /* checkers.png */; };
		8656BF4915D0E8E70053A59D /* README.md in Resources */ = {isa = PBXBuildFile; fileRef = 8656BF4815D0E8E70053A59D /* README.md */; };
		8656BF4B15D0E9060053A59D /* LICENSE.md in Resources */ = {isa = PBXBuildFile; fileRef = 8656BF4A15D0E9060053A59D /* LICENSE.md */; };
		8656BF4D15D0ECB20053A59D /* MC3DBoxView.png in Resources */ = {isa = PBXBuildFile; fileRef = 8656BF4C15D0ECB20053A59D /* MC3DBoxView.png */; };
/* End PBXBuildFile section */

/* Begin PBXFileReference section */
		8656BF1C15D0E59A0053A59D /* MC3DView.app */ = {isa = PBXFileReference; explicitFileType = wrapper.application; includeInIndex = 0; path = MC3DView.app; sourceTree = BUILT_PRODUCTS_DIR; };
		8656BF2015D0E59A0053A59D /* UIKit.framework */ = {isa = PBXFileReference; lastKnownFileType = wrapper.framework; name = UIKit.framework; path = System/Library/Frameworks/UIKit.framework; sourceTree = SDKROOT; };
		8656BF2215D0E59A0053A59D /* Foundation.framework */ = {isa = PBXFileReference; lastKnownFileType = wrapper.framework; name = Foundation.framework; path = System/Library/Frameworks/Foundation.framework; sourceTree = SDKROOT; };
		8656BF2415D0E59A0053A59D /* CoreGraphics.framework */ = {isa = PBXFileReference; lastKnownFileType = wrapper.framework; name = CoreGraphics.framework; path = System/Library/Frameworks/CoreGraphics.framework; sourceTree = SDKROOT; };
		8656BF2815D0E59A0053A59D /* MC3DView-Info.plist */ = {isa = PBXFileReference; lastKnownFileType = text.plist.xml; path = "MC3DView-Info.plist"; sourceTree = "<group>"; };
		8656BF2A15D0E59A0053A59D /* en */ = {isa = PBXFileReference; lastKnownFileType = text.plist.strings; name = en; path = en.lproj/InfoPlist.strings; sourceTree = "<group>"; };
		8656BF2C15D0E59A0053A59D /* main.m */ = {isa = PBXFileReference; lastKnownFileType = sourcecode.c.objc; path = main.m; sourceTree = "<group>"; };
		8656BF2E15D0E59A0053A59D /* MC3DView-Prefix.pch */ = {isa = PBXFileReference; lastKnownFileType = sourcecode.c.h; path = "MC3DView-Prefix.pch"; sourceTree = "<group>"; };
		8656BF2F15D0E59A0053A59D /* AppDelegate.h */ = {isa = PBXFileReference; lastKnownFileType = sourcecode.c.h; path = AppDelegate.h; sourceTree = "<group>"; };
		8656BF3015D0E59A0053A59D /* AppDelegate.m */ = {isa = PBXFileReference; lastKnownFileType = sourcecode.c.objc; path = AppDelegate.m; sourceTree = "<group>"; };
		8656BF3215D0E59A0053A59D /* ViewController.h */ = {isa = PBXFileReference; lastKnownFileType = sourcecode.c.h; path = ViewController.h; sourceTree = "<group>"; };
		8656BF3315D0E59A0053A59D /* ViewController.m */ = {isa = PBXFileReference; lastKnownFileType = sourcecode.c.objc; path = ViewController.m; sourceTree = "<group>"; };
		8656BF3615D0E59A0053A59D /* en */ = {isa = PBXFileReference; lastKnownFileType = file.xib; name = en; path = en.lproj/ViewController.xib; sourceTree = "<group>"; };
		8656BF3E15D0E5FD0053A59D /* MC3DBoxView.h */ = {isa = PBXFileReference; fileEncoding = 4; lastKnownFileType = sourcecode.c.h; name = MC3DBoxView.h; path = Classes/MC3DBoxView.h; sourceTree = "<group>"; };
		8656BF3F15D0E5FD0053A59D /* MC3DBoxView.m */ = {isa = PBXFileReference; fileEncoding = 4; lastKnownFileType = sourcecode.c.objc; name = MC3DBoxView.m; path = Classes/MC3DBoxView.m; sourceTree = "<group>"; };
		8656BF4115D0E6650053A59D /* QuartzCore.framework */ = {isa = PBXFileReference; lastKnownFileType = wrapper.framework; name = QuartzCore.framework; path = System/Library/Frameworks/QuartzCore.framework; sourceTree = SDKROOT; };
		8656BF4315D0E66C0053A59D /* MapKit.framework */ = {isa = PBXFileReference; lastKnownFileType = wrapper.framework; name = MapKit.framework; path = System/Library/Frameworks/MapKit.framework; sourceTree = SDKROOT; };
		8656BF4615D0E8120053A59D /* checkers.png */ = {isa = PBXFileReference; lastKnownFileType = image.png; name = checkers.png; path = Assets/checkers.png; sourceTree = "<group>"; };
		8656BF4815D0E8E70053A59D /* README.md */ = {isa = PBXFileReference; fileEncoding = 4; lastKnownFileType = text; path = README.md; sourceTree = "<group>"; };
		8656BF4A15D0E9060053A59D /* LICENSE.md */ = {isa = PBXFileReference; fileEncoding = 4; lastKnownFileType = text; path = LICENSE.md; sourceTree = "<group>"; };
		8656BF4C15D0ECB20053A59D /* MC3DBoxView.png */ = {isa = PBXFileReference; lastKnownFileType = image.png; path = MC3DBoxView.png; sourceTree = "<group>"; };
/* End PBXFileReference section */

/* Begin PBXFrameworksBuildPhase section */
		8656BF1915D0E59A0053A59D /* Frameworks */ = {
			isa = PBXFrameworksBuildPhase;
			buildActionMask = 2147483647;
			files = (
				8656BF4415D0E66C0053A59D /* MapKit.framework in Frameworks */,
				8656BF4215D0E6650053A59D /* QuartzCore.framework in Frameworks */,
				8656BF2115D0E59A0053A59D /* UIKit.framework in Frameworks */,
				8656BF2315D0E59A0053A59D /* Foundation.framework in Frameworks */,
				8656BF2515D0E59A0053A59D /* CoreGraphics.framework in Frameworks */,
			);
			runOnlyForDeploymentPostprocessing = 0;
		};
/* End PBXFrameworksBuildPhase section */

/* Begin PBXGroup section */
		8656BF1115D0E59A0053A59D = {
			isa = PBXGroup;
			children = (
				8656BF4C15D0ECB20053A59D /* MC3DBoxView.png */,
				8656BF4A15D0E9060053A59D /* LICENSE.md */,
				8656BF4815D0E8E70053A59D /* README.md */,
				8656BF4515D0E8080053A59D /* Assets */,
				8656BF3D15D0E5E90053A59D /* Classes */,
				8656BF2615D0E59A0053A59D /* MC3DView */,
				8656BF1F15D0E59A0053A59D /* Frameworks */,
				8656BF1D15D0E59A0053A59D /* Products */,
			);
			sourceTree = "<group>";
		};
		8656BF1D15D0E59A0053A59D /* Products */ = {
			isa = PBXGroup;
			children = (
				8656BF1C15D0E59A0053A59D /* MC3DView.app */,
			);
			name = Products;
			sourceTree = "<group>";
		};
		8656BF1F15D0E59A0053A59D /* Frameworks */ = {
			isa = PBXGroup;
			children = (
				8656BF4315D0E66C0053A59D /* MapKit.framework */,
				8656BF4115D0E6650053A59D /* QuartzCore.framework */,
				8656BF2015D0E59A0053A59D /* UIKit.framework */,
				8656BF2215D0E59A0053A59D /* Foundation.framework */,
				8656BF2415D0E59A0053A59D /* CoreGraphics.framework */,
			);
			name = Frameworks;
			sourceTree = "<group>";
		};
		8656BF2615D0E59A0053A59D /* MC3DView */ = {
			isa = PBXGroup;
			children = (
				8656BF2F15D0E59A0053A59D /* AppDelegate.h */,
				8656BF3015D0E59A0053A59D /* AppDelegate.m */,
				8656BF3215D0E59A0053A59D /* ViewController.h */,
				8656BF3315D0E59A0053A59D /* ViewController.m */,
				8656BF3515D0E59A0053A59D /* ViewController.xib */,
				8656BF2715D0E59A0053A59D /* Supporting Files */,
			);
			path = MC3DView;
			sourceTree = "<group>";
		};
		8656BF2715D0E59A0053A59D /* Supporting Files */ = {
			isa = PBXGroup;
			children = (
				8656BF2815D0E59A0053A59D /* MC3DView-Info.plist */,
				8656BF2915D0E59A0053A59D /* InfoPlist.strings */,
				8656BF2C15D0E59A0053A59D /* main.m */,
				8656BF2E15D0E59A0053A59D /* MC3DView-Prefix.pch */,
			);
			name = "Supporting Files";
			sourceTree = "<group>";
		};
		8656BF3D15D0E5E90053A59D /* Classes */ = {
			isa = PBXGroup;
			children = (
				8656BF3E15D0E5FD0053A59D /* MC3DBoxView.h */,
				8656BF3F15D0E5FD0053A59D /* MC3DBoxView.m */,
			);
			name = Classes;
			sourceTree = "<group>";
		};
		8656BF4515D0E8080053A59D /* Assets */ = {
			isa = PBXGroup;
			children = (
				8656BF4615D0E8120053A59D /* checkers.png */,
			);
			name = Assets;
			sourceTree = "<group>";
		};
/* End PBXGroup section */

/* Begin PBXNativeTarget section */
		8656BF1B15D0E59A0053A59D /* MC3DView */ = {
			isa = PBXNativeTarget;
			buildConfigurationList = 8656BF3A15D0E59A0053A59D /* Build configuration list for PBXNativeTarget "MC3DView" */;
			buildPhases = (
				8656BF1815D0E59A0053A59D /* Sources */,
				8656BF1915D0E59A0053A59D /* Frameworks */,
				8656BF1A15D0E59A0053A59D /* Resources */,
			);
			buildRules = (
			);
			dependencies = (
			);
			name = MC3DView;
			productName = MC3DView;
			productReference = 8656BF1C15D0E59A0053A59D /* MC3DView.app */;
			productType = "com.apple.product-type.application";
		};
/* End PBXNativeTarget section */

/* Begin PBXProject section */
		8656BF1315D0E59A0053A59D /* Project object */ = {
			isa = PBXProject;
			attributes = {
				LastUpgradeCheck = 0440;
				ORGANIZATIONNAME = MobileCreators;
			};
			buildConfigurationList = 8656BF1615D0E59A0053A59D /* Build configuration list for PBXProject "MC3DView" */;
			compatibilityVersion = "Xcode 3.2";
			developmentRegion = English;
			hasScannedForEncodings = 0;
			knownRegions = (
				en,
			);
			mainGroup = 8656BF1115D0E59A0053A59D;
			productRefGroup = 8656BF1D15D0E59A0053A59D /* Products */;
			projectDirPath = "";
			projectRoot = "";
			targets = (
				8656BF1B15D0E59A0053A59D /* MC3DView */,
			);
		};
/* End PBXProject section */

/* Begin PBXResourcesBuildPhase section */
		8656BF1A15D0E59A0053A59D /* Resources */ = {
			isa = PBXResourcesBuildPhase;
			buildActionMask = 2147483647;
			files = (
				8656BF2B15D0E59A0053A59D /* InfoPlist.strings in Resources */,
				8656BF3715D0E59A0053A59D /* ViewController.xib in Resources */,
				8656BF4715D0E8120053A59D /* checkers.png in Resources */,
				8656BF4915D0E8E70053A59D /* README.md in Resources */,
				8656BF4B15D0E9060053A59D /* LICENSE.md in Resources */,
				8656BF4D15D0ECB20053A59D /* MC3DBoxView.png in Resources */,
			);
			runOnlyForDeploymentPostprocessing = 0;
		};
/* End PBXResourcesBuildPhase section */

/* Begin PBXSourcesBuildPhase section */
		8656BF1815D0E59A0053A59D /* Sources */ = {
			isa = PBXSourcesBuildPhase;
			buildActionMask = 2147483647;
			files = (
				8656BF2D15D0E59A0053A59D /* main.m in Sources */,
				8656BF3115D0E59A0053A59D /* AppDelegate.m in Sources */,
				8656BF3415D0E59A0053A59D /* ViewController.m in Sources */,
				8656BF4015D0E5FD0053A59D /* MC3DBoxView.m in Sources */,
			);
			runOnlyForDeploymentPostprocessing = 0;
		};
/* End PBXSourcesBuildPhase section */

/* Begin PBXVariantGroup section */
		8656BF2915D0E59A0053A59D /* InfoPlist.strings */ = {
			isa = PBXVariantGroup;
			children = (
				8656BF2A15D0E59A0053A59D /* en */,
			);
			name = InfoPlist.strings;
			sourceTree = "<group>";
		};
		8656BF3515D0E59A0053A59D /* ViewController.xib */ = {
			isa = PBXVariantGroup;
			children = (
				8656BF3615D0E59A0053A59D /* en */,
			);
			name = ViewController.xib;
			sourceTree = "<group>";
		};
/* End PBXVariantGroup section */

/* Begin XCBuildConfiguration section */
		8656BF3815D0E59A0053A59D /* Debug */ = {
			isa = XCBuildConfiguration;
			buildSettings = {
				ALWAYS_SEARCH_USER_PATHS = NO;
				ARCHS = "$(ARCHS_STANDARD_32_BIT)";
				CLANG_CXX_LANGUAGE_STANDARD = "gnu++0x";
				CLANG_ENABLE_OBJC_ARC = YES;
				CLANG_WARN__DUPLICATE_METHOD_MATCH = YES;
				"CODE_SIGN_IDENTITY[sdk=iphoneos*]" = "iPhone Developer";
				COPY_PHASE_STRIP = NO;
				GCC_C_LANGUAGE_STANDARD = gnu99;
				GCC_DYNAMIC_NO_PIC = NO;
				GCC_OPTIMIZATION_LEVEL = 0;
				GCC_PREPROCESSOR_DEFINITIONS = (
					"DEBUG=1",
					"$(inherited)",
				);
				GCC_SYMBOLS_PRIVATE_EXTERN = NO;
				GCC_VERSION = com.apple.compilers.llvm.clang.1_0;
				GCC_WARN_ABOUT_RETURN_TYPE = YES;
				GCC_WARN_UNINITIALIZED_AUTOS = YES;
				GCC_WARN_UNUSED_VARIABLE = YES;
				IPHONEOS_DEPLOYMENT_TARGET = 5.1;
				SDKROOT = iphoneos;
			};
			name = Debug;
		};
		8656BF3915D0E59A0053A59D /* Release */ = {
			isa = XCBuildConfiguration;
			buildSettings = {
				ALWAYS_SEARCH_USER_PATHS = NO;
				ARCHS = "$(ARCHS_STANDARD_32_BIT)";
				CLANG_CXX_LANGUAGE_STANDARD = "gnu++0x";
				CLANG_ENABLE_OBJC_ARC = YES;
				CLANG_WARN__DUPLICATE_METHOD_MATCH = YES;
				"CODE_SIGN_IDENTITY[sdk=iphoneos*]" = "iPhone Developer";
				COPY_PHASE_STRIP = YES;
				GCC_C_LANGUAGE_STANDARD = gnu99;
				GCC_VERSION = com.apple.compilers.llvm.clang.1_0;
				GCC_WARN_ABOUT_RETURN_TYPE = YES;
				GCC_WARN_UNINITIALIZED_AUTOS = YES;
				GCC_WARN_UNUSED_VARIABLE = YES;
				IPHONEOS_DEPLOYMENT_TARGET = 5.1;
				OTHER_CFLAGS = "-DNS_BLOCK_ASSERTIONS=1";
				SDKROOT = iphoneos;
				VALIDATE_PRODUCT = YES;
			};
			name = Release;
		};
		8656BF3B15D0E59A0053A59D /* Debug */ = {
			isa = XCBuildConfiguration;
			buildSettings = {
				GCC_PRECOMPILE_PREFIX_HEADER = YES;
				GCC_PREFIX_HEADER = "MC3DView/MC3DView-Prefix.pch";
				INFOPLIST_FILE = "MC3DView/MC3DView-Info.plist";
				PRODUCT_NAME = "$(TARGET_NAME)";
				WRAPPER_EXTENSION = app;
			};
			name = Debug;
		};
		8656BF3C15D0E59A0053A59D /* Release */ = {
			isa = XCBuildConfiguration;
			buildSettings = {
				GCC_PRECOMPILE_PREFIX_HEADER = YES;
				GCC_PREFIX_HEADER = "MC3DView/MC3DView-Prefix.pch";
				INFOPLIST_FILE = "MC3DView/MC3DView-Info.plist";
				PRODUCT_NAME = "$(TARGET_NAME)";
				WRAPPER_EXTENSION = app;
			};
			name = Release;
		};
/* End XCBuildConfiguration section */

/* Begin XCConfigurationList section */
		8656BF1615D0E59A0053A59D /* Build configuration list for PBXProject "MC3DView" */ = {
			isa = XCConfigurationList;
			buildConfigurations = (
				8656BF3815D0E59A0053A59D /* Debug */,
				8656BF3915D0E59A0053A59D /* Release */,
			);
			defaultConfigurationIsVisible = 0;
			defaultConfigurationName = Release;
		};
		8656BF3A15D0E59A0053A59D /* Build configuration list for PBXNativeTarget "MC3DView" */ = {
			isa = XCConfigurationList;
			buildConfigurations = (
				8656BF3B15D0E59A0053A59D /* Debug */,
				8656BF3C15D0E59A0053A59D /* Release */,
			);
			defaultConfigurationIsVisible = 0;
		};
/* End XCConfigurationList section */
	};
	rootObject = 8656BF1315D0E59A0053A59D /* Project object */;
}
